// !$*UTF8*$!
{
	archiveVersion = 1;
	classes = {
	};
	objectVersion = 54;
	objects = {

/* Begin PBXBuildFile section */
		843AD4931B56851A00E5F2EB /* LineDisplay.storyboard in Resources */ = {isa = PBXBuildFile; fileRef = 843AD4911B56851A00E5F2EB /* LineDisplay.storyboard */; };
		843DD9E81B53934E00AE2F4E /* Foundation.framework in Frameworks */ = {isa = PBXBuildFile; fileRef = 843DD9E71B53934E00AE2F4E /* Foundation.framework */; };
		843DD9EA1B53934E00AE2F4E /* CoreGraphics.framework in Frameworks */ = {isa = PBXBuildFile; fileRef = 843DD9E91B53934E00AE2F4E /* CoreGraphics.framework */; };
		843DD9EC1B53934E00AE2F4E /* UIKit.framework in Frameworks */ = {isa = PBXBuildFile; fileRef = 843DD9EB1B53934E00AE2F4E /* UIKit.framework */; };
		843DD9F21B53934E00AE2F4E /* InfoPlist.strings in Resources */ = {isa = PBXBuildFile; fileRef = 843DD9F01B53934E00AE2F4E /* InfoPlist.strings */; };
		843DD9F41B53934E00AE2F4E /* main.m in Sources */ = {isa = PBXBuildFile; fileRef = 843DD9F31B53934E00AE2F4E /* main.m */; };
		843DD9F81B53934E00AE2F4E /* AppDelegate.m in Sources */ = {isa = PBXBuildFile; fileRef = 843DD9F71B53934E00AE2F4E /* AppDelegate.m */; };
		843DDA031B53934E00AE2F4E /* Images.xcassets in Resources */ = {isa = PBXBuildFile; fileRef = 843DDA021B53934E00AE2F4E /* Images.xcassets */; };
		843DDA201B5393A600AE2F4E /* button.png in Resources */ = {isa = PBXBuildFile; fileRef = 843DDA1F1B5393A600AE2F4E /* button.png */; };
		843DDA241B5393B600AE2F4E /* DMD70ViewController.m in Sources */ = {isa = PBXBuildFile; fileRef = 843DDA231B5393B600AE2F4E /* DMD70ViewController.m */; };
		843DDA271B5393C200AE2F4E /* ShowMsg.m in Sources */ = {isa = PBXBuildFile; fileRef = 843DDA261B5393C200AE2F4E /* ShowMsg.m */; };
		84BA02541B54A98E00A16C4F /* Localizable.strings in Resources */ = {isa = PBXBuildFile; fileRef = 84BA02531B54A98E00A16C4F /* Localizable.strings */; };
		84C088641B76E87900FA4085 /* ExternalAccessory.framework in Frameworks */ = {isa = PBXBuildFile; fileRef = 84C088631B76E87900FA4085 /* ExternalAccessory.framework */; };
		84C088661B76E87E00FA4085 /* libxml2.2.dylib in Frameworks */ = {isa = PBXBuildFile; fileRef = 84C088651B76E87E00FA4085 /* libxml2.2.dylib */; };
		D4BF19822542BE5D00EC3765 /* DMD30ViewController.m in Sources */ = {isa = PBXBuildFile; fileRef = D4BF19812542BE5D00EC3765 /* DMD30ViewController.m */; };
		D78BE14727EC1057000B396E /* CoreBluetooth.framework in Frameworks */ = {isa = PBXBuildFile; fileRef = D78BE14627EC1057000B396E /* CoreBluetooth.framework */; };
		E84ED3FE27740F43001F1431 /* UIViewController+Extension.m in Sources */ = {isa = PBXBuildFile; fileRef = E84ED3FD27740F43001F1431 /* UIViewController+Extension.m */; };
		E8C9CD1927F5A3510026AA96 /* libepos2.xcframework in Frameworks */ = {isa = PBXBuildFile; fileRef = E8C9CD1827F5A3510026AA96 /* libepos2.xcframework */; };
/* End PBXBuildFile section */

/* Begin PBXFileReference section */
		843AD4921B56851A00E5F2EB /* Base */ = {isa = PBXFileReference; lastKnownFileType = file.storyboard; name = Base; path = Base.lproj/LineDisplay.storyboard; sourceTree = "<group>"; };
		843DD9E41B53934E00AE2F4E /* ePOS2_LineDisplay.app */ = {isa = PBXFileReference; explicitFileType = wrapper.application; includeInIndex = 0; path = ePOS2_LineDisplay.app; sourceTree = BUILT_PRODUCTS_DIR; };
		843DD9E71B53934E00AE2F4E /* Foundation.framework */ = {isa = PBXFileReference; lastKnownFileType = wrapper.framework; name = Foundation.framework; path = System/Library/Frameworks/Foundation.framework; sourceTree = SDKROOT; };
		843DD9E91B53934E00AE2F4E /* CoreGraphics.framework */ = {isa = PBXFileReference; lastKnownFileType = wrapper.framework; name = CoreGraphics.framework; path = System/Library/Frameworks/CoreGraphics.framework; sourceTree = SDKROOT; };
		843DD9EB1B53934E00AE2F4E /* UIKit.framework */ = {isa = PBXFileReference; lastKnownFileType = wrapper.framework; name = UIKit.framework; path = System/Library/Frameworks/UIKit.framework; sourceTree = SDKROOT; };
		843DD9EF1B53934E00AE2F4E /* ePOS2_LineDisplay-Info.plist */ = {isa = PBXFileReference; lastKnownFileType = text.plist.xml; path = "ePOS2_LineDisplay-Info.plist"; sourceTree = "<group>"; };
		843DD9F11B53934E00AE2F4E /* en */ = {isa = PBXFileReference; lastKnownFileType = text.plist.strings; name = en; path = en.lproj/InfoPlist.strings; sourceTree = "<group>"; };
		843DD9F31B53934E00AE2F4E /* main.m */ = {isa = PBXFileReference; lastKnownFileType = sourcecode.c.objc; path = main.m; sourceTree = "<group>"; };
		843DD9F51B53934E00AE2F4E /* ePOS2_LineDisplay-Prefix.pch */ = {isa = PBXFileReference; lastKnownFileType = sourcecode.c.h; path = "ePOS2_LineDisplay-Prefix.pch"; sourceTree = "<group>"; };
		843DD9F61B53934E00AE2F4E /* AppDelegate.h */ = {isa = PBXFileReference; lastKnownFileType = sourcecode.c.h; path = AppDelegate.h; sourceTree = "<group>"; };
		843DD9F71B53934E00AE2F4E /* AppDelegate.m */ = {isa = PBXFileReference; lastKnownFileType = sourcecode.c.objc; path = AppDelegate.m; sourceTree = "<group>"; };
		843DDA021B53934E00AE2F4E /* Images.xcassets */ = {isa = PBXFileReference; lastKnownFileType = folder.assetcatalog; path = Images.xcassets; sourceTree = "<group>"; };
		843DDA1F1B5393A600AE2F4E /* button.png */ = {isa = PBXFileReference; lastKnownFileType = image.png; path = button.png; sourceTree = "<group>"; };
		843DDA221B5393B600AE2F4E /* DMD70ViewController.h */ = {isa = PBXFileReference; fileEncoding = 4; lastKnownFileType = sourcecode.c.h; path = DMD70ViewController.h; sourceTree = "<group>"; };
		843DDA231B5393B600AE2F4E /* DMD70ViewController.m */ = {isa = PBXFileReference; fileEncoding = 4; lastKnownFileType = sourcecode.c.objc; path = DMD70ViewController.m; sourceTree = "<group>"; };
		843DDA251B5393C200AE2F4E /* ShowMsg.h */ = {isa = PBXFileReference; fileEncoding = 4; lastKnownFileType = sourcecode.c.h; path = ShowMsg.h; sourceTree = "<group>"; };
		843DDA261B5393C200AE2F4E /* ShowMsg.m */ = {isa = PBXFileReference; fileEncoding = 4; lastKnownFileType = sourcecode.c.objc; path = ShowMsg.m; sourceTree = "<group>"; };
		84BA02531B54A98E00A16C4F /* Localizable.strings */ = {isa = PBXFileReference; fileEncoding = 4; lastKnownFileType = text.plist.strings; path = Localizable.strings; sourceTree = "<group>"; };
		84C088631B76E87900FA4085 /* ExternalAccessory.framework */ = {isa = PBXFileReference; lastKnownFileType = wrapper.framework; name = ExternalAccessory.framework; path = System/Library/Frameworks/ExternalAccessory.framework; sourceTree = SDKROOT; };
		84C088651B76E87E00FA4085 /* libxml2.2.dylib */ = {isa = PBXFileReference; lastKnownFileType = "compiled.mach-o.dylib"; name = libxml2.2.dylib; path = usr/lib/libxml2.2.dylib; sourceTree = SDKROOT; };
		84D11D4C1B85EEF000BAADF8 /* libepos2.a */ = {isa = PBXFileReference; lastKnownFileType = archive.ar; name = libepos2.a; path = ../libs/libepos2.a; sourceTree = "<group>"; };
		D4BF19802542BE5C00EC3765 /* DMD30ViewController.h */ = {isa = PBXFileReference; fileEncoding = 4; lastKnownFileType = sourcecode.c.h; path = DMD30ViewController.h; sourceTree = "<group>"; };
		D4BF19812542BE5D00EC3765 /* DMD30ViewController.m */ = {isa = PBXFileReference; fileEncoding = 4; lastKnownFileType = sourcecode.c.objc; path = DMD30ViewController.m; sourceTree = "<group>"; };
		D78BE14627EC1057000B396E /* CoreBluetooth.framework */ = {isa = PBXFileReference; lastKnownFileType = wrapper.framework; name = CoreBluetooth.framework; path = System/Library/Frameworks/CoreBluetooth.framework; sourceTree = SDKROOT; };
		E84ED3FC27740F43001F1431 /* UIViewController+Extension.h */ = {isa = PBXFileReference; fileEncoding = 4; lastKnownFileType = sourcecode.c.h; path = "UIViewController+Extension.h"; sourceTree = "<group>"; };
		E84ED3FD27740F43001F1431 /* UIViewController+Extension.m */ = {isa = PBXFileReference; fileEncoding = 4; lastKnownFileType = sourcecode.c.objc; path = "UIViewController+Extension.m"; sourceTree = "<group>"; };
		E8C9CD1827F5A3510026AA96 /* libepos2.xcframework */ = {isa = PBXFileReference; lastKnownFileType = wrapper.xcframework; name = libepos2.xcframework; path = ../libs/libepos2.xcframework; sourceTree = "<group>"; };
/* End PBXFileReference section */

/* Begin PBXFrameworksBuildPhase section */
		843DD9E11B53934E00AE2F4E /* Frameworks */ = {
			isa = PBXFrameworksBuildPhase;
			buildActionMask = 2147483647;
			files = (
				D78BE14727EC1057000B396E /* CoreBluetooth.framework in Frameworks */,
				E8C9CD1927F5A3510026AA96 /* libepos2.xcframework in Frameworks */,
				84C088661B76E87E00FA4085 /* libxml2.2.dylib in Frameworks */,
				84C088641B76E87900FA4085 /* ExternalAccessory.framework in Frameworks */,
				843DD9EA1B53934E00AE2F4E /* CoreGraphics.framework in Frameworks */,
				843DD9EC1B53934E00AE2F4E /* UIKit.framework in Frameworks */,
				843DD9E81B53934E00AE2F4E /* Foundation.framework in Frameworks */,
			);
			runOnlyForDeploymentPostprocessing = 0;
		};
/* End PBXFrameworksBuildPhase section */

/* Begin PBXGroup section */
		843DD9DB1B53934E00AE2F4E = {
			isa = PBXGroup;
			children = (
				843DD9ED1B53934E00AE2F4E /* ePOS2_LineDisplay */,
				843DD9E61B53934E00AE2F4E /* Frameworks */,
				843DD9E51B53934E00AE2F4E /* Products */,
			);
			sourceTree = "<group>";
		};
		843DD9E51B53934E00AE2F4E /* Products */ = {
			isa = PBXGroup;
			children = (
				843DD9E41B53934E00AE2F4E /* ePOS2_LineDisplay.app */,
			);
			name = Products;
			sourceTree = "<group>";
		};
		843DD9E61B53934E00AE2F4E /* Frameworks */ = {
			isa = PBXGroup;
			children = (
				E8C9CD1827F5A3510026AA96 /* libepos2.xcframework */,
				D78BE14627EC1057000B396E /* CoreBluetooth.framework */,
				84D11D4C1B85EEF000BAADF8 /* libepos2.a */,
				84C088651B76E87E00FA4085 /* libxml2.2.dylib */,
				84C088631B76E87900FA4085 /* ExternalAccessory.framework */,
				843DD9E71B53934E00AE2F4E /* Foundation.framework */,
				843DD9E91B53934E00AE2F4E /* CoreGraphics.framework */,
				843DD9EB1B53934E00AE2F4E /* UIKit.framework */,
			);
			name = Frameworks;
			sourceTree = "<group>";
		};
		843DD9ED1B53934E00AE2F4E /* ePOS2_LineDisplay */ = {
			isa = PBXGroup;
			children = (
				E84ED3FC27740F43001F1431 /* UIViewController+Extension.h */,
				E84ED3FD27740F43001F1431 /* UIViewController+Extension.m */,
				843DDA221B5393B600AE2F4E /* DMD70ViewController.h */,
				843DDA231B5393B600AE2F4E /* DMD70ViewController.m */,
				D4BF19802542BE5C00EC3765 /* DMD30ViewController.h */,
				D4BF19812542BE5D00EC3765 /* DMD30ViewController.m */,
				843AD4911B56851A00E5F2EB /* LineDisplay.storyboard */,
				843DDA251B5393C200AE2F4E /* ShowMsg.h */,
				843DDA261B5393C200AE2F4E /* ShowMsg.m */,
				843DDA1F1B5393A600AE2F4E /* button.png */,
				843DD9F61B53934E00AE2F4E /* AppDelegate.h */,
				843DD9F71B53934E00AE2F4E /* AppDelegate.m */,
				843DDA021B53934E00AE2F4E /* Images.xcassets */,
				843DD9EE1B53934E00AE2F4E /* Supporting Files */,
			);
			path = ePOS2_LineDisplay;
			sourceTree = "<group>";
		};
		843DD9EE1B53934E00AE2F4E /* Supporting Files */ = {
			isa = PBXGroup;
			children = (
				84BA02531B54A98E00A16C4F /* Localizable.strings */,
				843DD9EF1B53934E00AE2F4E /* ePOS2_LineDisplay-Info.plist */,
				843DD9F01B53934E00AE2F4E /* InfoPlist.strings */,
				843DD9F31B53934E00AE2F4E /* main.m */,
				843DD9F51B53934E00AE2F4E /* ePOS2_LineDisplay-Prefix.pch */,
			);
			name = "Supporting Files";
			sourceTree = "<group>";
		};
/* End PBXGroup section */

/* Begin PBXNativeTarget section */
		843DD9E31B53934E00AE2F4E /* ePOS2_LineDisplay */ = {
			isa = PBXNativeTarget;
			buildConfigurationList = 843DDA191B53934E00AE2F4E /* Build configuration list for PBXNativeTarget "ePOS2_LineDisplay" */;
			buildPhases = (
				843DD9E01B53934E00AE2F4E /* Sources */,
				843DD9E11B53934E00AE2F4E /* Frameworks */,
				843DD9E21B53934E00AE2F4E /* Resources */,
			);
			buildRules = (
			);
			dependencies = (
			);
			name = ePOS2_LineDisplay;
			productName = ePOS2_LineDisplay;
			productReference = 843DD9E41B53934E00AE2F4E /* ePOS2_LineDisplay.app */;
			productType = "com.apple.product-type.application";
		};
/* End PBXNativeTarget section */

/* Begin PBXProject section */
		843DD9DC1B53934E00AE2F4E /* Project object */ = {
			isa = PBXProject;
			attributes = {
				LastUpgradeCheck = 0500;
			};
			buildConfigurationList = 843DD9DF1B53934E00AE2F4E /* Build configuration list for PBXProject "ePOS2_LineDisplay" */;
			compatibilityVersion = "Xcode 3.2";
			developmentRegion = English;
			hasScannedForEncodings = 0;
			knownRegions = (
				English,
				en,
				Base,
			);
			mainGroup = 843DD9DB1B53934E00AE2F4E;
			productRefGroup = 843DD9E51B53934E00AE2F4E /* Products */;
			projectDirPath = "";
			projectRoot = "";
			targets = (
				843DD9E31B53934E00AE2F4E /* ePOS2_LineDisplay */,
			);
		};
/* End PBXProject section */

/* Begin PBXResourcesBuildPhase section */
		843DD9E21B53934E00AE2F4E /* Resources */ = {
			isa = PBXResourcesBuildPhase;
			buildActionMask = 2147483647;
			files = (
				843DDA031B53934E00AE2F4E /* Images.xcassets in Resources */,
				843AD4931B56851A00E5F2EB /* LineDisplay.storyboard in Resources */,
				84BA02541B54A98E00A16C4F /* Localizable.strings in Resources */,
				843DDA201B5393A600AE2F4E /* button.png in Resources */,
				843DD9F21B53934E00AE2F4E /* InfoPlist.strings in Resources */,
			);
			runOnlyForDeploymentPostprocessing = 0;
		};
/* End PBXResourcesBuildPhase section */

/* Begin PBXSourcesBuildPhase section */
		843DD9E01B53934E00AE2F4E /* Sources */ = {
			isa = PBXSourcesBuildPhase;
			buildActionMask = 2147483647;
			files = (
				E84ED3FE27740F43001F1431 /* UIViewController+Extension.m in Sources */,
				843DDA271B5393C200AE2F4E /* ShowMsg.m in Sources */,
				D4BF19822542BE5D00EC3765 /* DMD30ViewController.m in Sources */,
				843DD9F81B53934E00AE2F4E /* AppDelegate.m in Sources */,
				843DDA241B5393B600AE2F4E /* DMD70ViewController.m in Sources */,
				843DD9F41B53934E00AE2F4E /* main.m in Sources */,
			);
			runOnlyForDeploymentPostprocessing = 0;
		};
/* End PBXSourcesBuildPhase section */

/* Begin PBXVariantGroup section */
		843AD4911B56851A00E5F2EB /* LineDisplay.storyboard */ = {
			isa = PBXVariantGroup;
			children = (
				843AD4921B56851A00E5F2EB /* Base */,
			);
			name = LineDisplay.storyboard;
			sourceTree = "<group>";
		};
		843DD9F01B53934E00AE2F4E /* InfoPlist.strings */ = {
			isa = PBXVariantGroup;
			children = (
				843DD9F11B53934E00AE2F4E /* en */,
			);
			name = InfoPlist.strings;
			sourceTree = "<group>";
		};
/* End PBXVariantGroup section */

/* Begin XCBuildConfiguration section */
		843DDA171B53934E00AE2F4E /* Debug */ = {
			isa = XCBuildConfiguration;
			buildSettings = {
				ALWAYS_SEARCH_USER_PATHS = NO;
				ARCHS = "$(ARCHS_STANDARD_INCLUDING_64_BIT)";
				CLANG_CXX_LANGUAGE_STANDARD = "gnu++0x";
				CLANG_CXX_LIBRARY = "libc++";
				CLANG_ENABLE_MODULES = YES;
				CLANG_ENABLE_OBJC_ARC = YES;
				CLANG_WARN_BOOL_CONVERSION = YES;
				CLANG_WARN_CONSTANT_CONVERSION = YES;
				CLANG_WARN_DIRECT_OBJC_ISA_USAGE = YES_ERROR;
				CLANG_WARN_EMPTY_BODY = YES;
				CLANG_WARN_ENUM_CONVERSION = YES;
				CLANG_WARN_INT_CONVERSION = YES;
				CLANG_WARN_OBJC_ROOT_CLASS = YES_ERROR;
				CLANG_WARN__DUPLICATE_METHOD_MATCH = YES;
				"CODE_SIGN_IDENTITY[sdk=iphoneos*]" = "iPhone Developer";
				COPY_PHASE_STRIP = NO;
				GCC_C_LANGUAGE_STANDARD = gnu99;
				GCC_DYNAMIC_NO_PIC = NO;
				GCC_OPTIMIZATION_LEVEL = 0;
				GCC_PREPROCESSOR_DEFINITIONS = (
					"DEBUG=1",
					"$(inherited)",
				);
				GCC_SYMBOLS_PRIVATE_EXTERN = NO;
				GCC_WARN_64_TO_32_BIT_CONVERSION = YES;
				GCC_WARN_ABOUT_RETURN_TYPE = YES_ERROR;
				GCC_WARN_UNDECLARED_SELECTOR = YES;
				GCC_WARN_UNINITIALIZED_AUTOS = YES;
				GCC_WARN_UNUSED_FUNCTION = YES;
				GCC_WARN_UNUSED_VARIABLE = YES;
				IPHONEOS_DEPLOYMENT_TARGET = 12.0;
				ONLY_ACTIVE_ARCH = YES;
				SDKROOT = iphoneos;
				TARGETED_DEVICE_FAMILY = "1,2";
			};
			name = Debug;
		};
		843DDA181B53934E00AE2F4E /* Release */ = {
			isa = XCBuildConfiguration;
			buildSettings = {
				ALWAYS_SEARCH_USER_PATHS = NO;
				ARCHS = "$(ARCHS_STANDARD_INCLUDING_64_BIT)";
				CLANG_CXX_LANGUAGE_STANDARD = "gnu++0x";
				CLANG_CXX_LIBRARY = "libc++";
				CLANG_ENABLE_MODULES = YES;
				CLANG_ENABLE_OBJC_ARC = YES;
				CLANG_WARN_BOOL_CONVERSION = YES;
				CLANG_WARN_CONSTANT_CONVERSION = YES;
				CLANG_WARN_DIRECT_OBJC_ISA_USAGE = YES_ERROR;
				CLANG_WARN_EMPTY_BODY = YES;
				CLANG_WARN_ENUM_CONVERSION = YES;
				CLANG_WARN_INT_CONVERSION = YES;
				CLANG_WARN_OBJC_ROOT_CLASS = YES_ERROR;
				CLANG_WARN__DUPLICATE_METHOD_MATCH = YES;
				"CODE_SIGN_IDENTITY[sdk=iphoneos*]" = "iPhone Developer";
				COPY_PHASE_STRIP = YES;
				ENABLE_NS_ASSERTIONS = NO;
				GCC_C_LANGUAGE_STANDARD = gnu99;
				GCC_WARN_64_TO_32_BIT_CONVERSION = YES;
				GCC_WARN_ABOUT_RETURN_TYPE = YES_ERROR;
				GCC_WARN_UNDECLARED_SELECTOR = YES;
				GCC_WARN_UNINITIALIZED_AUTOS = YES;
				GCC_WARN_UNUSED_FUNCTION = YES;
				GCC_WARN_UNUSED_VARIABLE = YES;
				IPHONEOS_DEPLOYMENT_TARGET = 12.0;
				SDKROOT = iphoneos;
				TARGETED_DEVICE_FAMILY = "1,2";
				VALIDATE_PRODUCT = YES;
			};
			name = Release;
		};
		843DDA1A1B53934E00AE2F4E /* Debug */ = {
			isa = XCBuildConfiguration;
			buildSettings = {
				ARCHS = "$(ARCHS_STANDARD)";
				ASSETCATALOG_COMPILER_APPICON_NAME = AppIcon;
				ASSETCATALOG_COMPILER_LAUNCHIMAGE_NAME = LaunchImage;
				GCC_PRECOMPILE_PREFIX_HEADER = YES;
				GCC_PREFIX_HEADER = "ePOS2_LineDisplay/ePOS2_LineDisplay-Prefix.pch";
				INFOPLIST_FILE = "ePOS2_LineDisplay/ePOS2_LineDisplay-Info.plist";
				IPHONEOS_DEPLOYMENT_TARGET = 12.0;
				LD_RUNPATH_SEARCH_PATHS = (
					"$(inherited)",
					"@executable_path/Frameworks",
				);
				LIBRARY_SEARCH_PATHS = (
					"$(inherited)",
					../libs,
				);
				PRODUCT_NAME = "$(TARGET_NAME)";
				WRAPPER_EXTENSION = app;
			};
			name = Debug;
		};
		843DDA1B1B53934E00AE2F4E /* Release */ = {
			isa = XCBuildConfiguration;
			buildSettings = {
				ARCHS = "$(ARCHS_STANDARD)";
				ASSETCATALOG_COMPILER_APPICON_NAME = AppIcon;
				ASSETCATALOG_COMPILER_LAUNCHIMAGE_NAME = LaunchImage;
				GCC_PRECOMPILE_PREFIX_HEADER = YES;
				GCC_PREFIX_HEADER = "ePOS2_LineDisplay/ePOS2_LineDisplay-Prefix.pch";
				INFOPLIST_FILE = "ePOS2_LineDisplay/ePOS2_LineDisplay-Info.plist";
				IPHONEOS_DEPLOYMENT_TARGET = 12.0;
				LD_RUNPATH_SEARCH_PATHS = (
					"$(inherited)",
					"@executable_path/Frameworks",
				);
				LIBRARY_SEARCH_PATHS = (
					"$(inherited)",
					../libs,
				);
				PRODUCT_NAME = "$(TARGET_NAME)";
				WRAPPER_EXTENSION = app;
			};
			name = Release;
		};
/* End XCBuildConfiguration section */

/* Begin XCConfigurationList section */
		843DD9DF1B53934E00AE2F4E /* Build configuration list for PBXProject "ePOS2_LineDisplay" */ = {
			isa = XCConfigurationList;
			buildConfigurations = (
				843DDA171B53934E00AE2F4E /* Debug */,
				843DDA181B53934E00AE2F4E /* Release */,
			);
			defaultConfigurationIsVisible = 0;
			defaultConfigurationName = Release;
		};
		843DDA191B53934E00AE2F4E /* Build configuration list for PBXNativeTarget "ePOS2_LineDisplay" */ = {
			isa = XCConfigurationList;
			buildConfigurations = (
				843DDA1A1B53934E00AE2F4E /* Debug */,
				843DDA1B1B53934E00AE2F4E /* Release */,
			);
			defaultConfigurationIsVisible = 0;
			defaultConfigurationName = Release;
		};
/* End XCConfigurationList section */
	};
	rootObject = 843DD9DC1B53934E00AE2F4E /* Project object */;
}
